
Microsoft Visual Studio Solution File, Format Version 12.00
# Visual Studio Version 17
VisualStudioVersion = 17.4.33122.133
MinimumVisualStudioVersion = 10.0.40219.1
Project("{FAE04EC0-301F-11D3-BF4B-00C04F79EFBC}") = "RuleEx2025", "RuleEx2025\RuleEx2025.csproj", "{34A3E19D-A0D0-465D-B014-CDE100A337AD}"
EndProject
Global
	GlobalSection(SolutionConfigurationPlatforms) = preSolution
		Debug|Any CPU = Debug|Any CPU
		Release|Any CPU = Release|Any CPU
	EndGlobalSection
	GlobalSection(ProjectConfigurationPlatforms) = postSolution
		{34A3E19D-A0D0-465D-B014-CDE100A337AD}.Debug|Any CPU.ActiveCfg = Debug|Any CPU
		{34A3E19D-A0D0-465D-B014-CDE100A337AD}.Debug|Any CPU.Build.0 = Debug|Any CPU
		{34A3E19D-A0D0-465D-B014-CDE100A337AD}.Release|Any CPU.ActiveCfg = Release|Any CPU
		{34A3E19D-A0D0-465D-B014-CDE100A337AD}.Release|Any CPU.Build.0 = Release|Any CPU
	EndGlobalSection
	GlobalSection(SolutionProperties) = preSolution
		HideSolutionNode = FALSE
	EndGlobalSection
	GlobalSection(ExtensibilityGlobals) = postSolution
		SolutionGuid = {127A39BE-97A9-40BE-A3CB-93ADD48BC676}
	EndGlobalSection
EndGlobal
